{
    "_readme": [
        "This file locks the dependencies of your project to a known state",
        "Read more about it at https://getcomposer.org/doc/01-basic-usage.md#installing-dependencies",
        "This file is @generated automatically"
    ],
    "content-hash": "243233024e1b832fa66bcf8d143a0b0f",
    "packages": [
        {
            "name": "easyswoole/component",
            "version": "2.2.3",
            "source": {
                "type": "git",
                "url": "https://github.com/easy-swoole/component.git",
                "reference": "47d6315148a332fd8fffe9b558b21a948bb35f3d"
            },
            "dist": {
                "type": "zip",
                "url": "https://api.github.com/repos/easy-swoole/component/zipball/47d6315148a332fd8fffe9b558b21a948bb35f3d",
                "reference": "47d6315148a332fd8fffe9b558b21a948bb35f3d",
                "shasum": ""
            },
            "require": {
                "easyswoole/spl": "^1.1",
                "easyswoole/utility": "^1.0",
                "ext-swoole": "^4.4.2",
                "php": ">=7.1.0"
            },
            "require-dev": {
                "easyswoole/phpunit": "^1.0",
                "easyswoole/swoole-ide-helper": "^1.2"
            },
            "type": "library",
            "autoload": {
                "psr-4": {
                    "EasySwoole\\Component\\": "src/",
                    "EasySwoole\\Component\\Tests\\": "Tests/"
                }
            },
            "notification-url": "https://packagist.org/downloads/",
            "license": [
                "Apache-2.0"
            ],
            "authors": [
                {
                    "name": "YF",
                    "email": "291323003@qq.com"
                }
            ],
            "description": "easyswoole component",
            "homepage": "https://www.easyswoole.com/",
            "keywords": [
                "async",
                "easyswoole",
                "framework",
                "swoole"
            ],
            "time": "2020-08-31T02:10:22+00:00"
        },
        {
            "name": "easyswoole/kafka",
            "version": "1.0.6",
            "source": {
                "type": "git",
                "url": "https://github.com/easy-swoole/kafka.git",
                "reference": "1c3890b63b53854c6725180e2ebdba1d4884dc31"
            },
            "dist": {
                "type": "zip",
                "url": "https://api.github.com/repos/easy-swoole/kafka/zipball/1c3890b63b53854c6725180e2ebdba1d4884dc31",
                "reference": "1c3890b63b53854c6725180e2ebdba1d4884dc31",
                "shasum": ""
            },
            "require": {
                "easyswoole/component": "^2.0",
                "easyswoole/spl": "^1.1",
                "ext-swoole": "^4.4.5",
                "php": ">=7.1.0"
            },
            "require-dev": {
                "easyswoole/phpunit": "^1.0",
                "easyswoole/swoole-ide-helper": "^1.3"
            },
            "type": "library",
            "autoload": {
                "psr-4": {
                    "EasySwoole\\Kafka\\": "src/",
                    "EasySwoole\\Kafka\\Test\\": "test/"
                }
            },
            "notification-url": "https://packagist.org/downloads/",
            "license": [
                "Apache-2.0"
            ],
            "authors": [
                {
                    "name": "YF",
                    "email": "291323003@qq.com"
                }
            ],
            "description": "An efficient swoole framework",
            "homepage": "https://www.easyswoole.com/",
            "keywords": [
                "async",
                "easyswoole",
                "framework",
                "swoole"
            ],
            "time": "2020-07-20T04:00:06+00:00"
        },
        {
            "name": "easyswoole/spl",
            "version": "1.3.7",
            "source": {
                "type": "git",
                "url": "https://github.com/easy-swoole/spl.git",
                "reference": "b9d74dfbeb59086c51616ba09d7728cea7351d05"
            },
            "dist": {
                "type": "zip",
                "url": "https://api.github.com/repos/easy-swoole/spl/zipball/b9d74dfbeb59086c51616ba09d7728cea7351d05",
                "reference": "b9d74dfbeb59086c51616ba09d7728cea7351d05",
                "shasum": ""
            },
            "require": {
                "ext-json": "*",
                "php": ">=7.1.0"
            },
            "require-dev": {
                "easyswoole/phpunit": "^1.0",
                "easyswoole/swoole-ide-helper": "^1.0"
            },
            "type": "library",
            "autoload": {
                "psr-4": {
                    "EasySwoole\\Spl\\": "src/",
                    "EasySwoole\\Spl\\Test\\": "test/"
                }
            },
            "notification-url": "https://packagist.org/downloads/",
            "license": [
                "Apache-2.0"
            ],
            "authors": [
                {
                    "name": "YF",
                    "email": "291323003@qq.com"
                }
            ],
            "description": "php stander lib",
            "homepage": "https://www.easyswoole.com/",
            "keywords": [
                "async",
                "easyswoole",
                "framework",
                "swoole"
            ],
            "time": "2020-04-05T15:50:30+00:00"
        },
        {
            "name": "easyswoole/utility",
            "version": "1.1.4",
            "source": {
                "type": "git",
                "url": "https://github.com/easy-swoole/utility.git",
                "reference": "109f4d86906d9610e2feedfcb04a8ecb0e5dba8b"
            },
            "dist": {
                "type": "zip",
                "url": "https://api.github.com/repos/easy-swoole/utility/zipball/109f4d86906d9610e2feedfcb04a8ecb0e5dba8b",
                "reference": "109f4d86906d9610e2feedfcb04a8ecb0e5dba8b",
                "shasum": ""
            },
            "require": {
                "ext-json": "*",
                "ext-openssl": "*",
                "php": ">=7.1.0"
            },
            "type": "library",
            "autoload": {
                "psr-4": {
                    "EasySwoole\\Utility\\": "src/"
                }
            },
            "notification-url": "https://packagist.org/downloads/",
            "license": [
                "Apache-2.0"
            ],
            "authors": [
                {
                    "name": "evalor",
                    "email": "mipone@foxmail.com"
                }
            ],
            "description": "easyswoole extension tool library",
            "time": "2020-05-19T03:06:24+00:00"
        }
    ],
    "packages-dev": [
        {
            "name": "swoole/ide-helper",
            "version": "4.5.5",
            "source": {
                "type": "git",
                "url": "https://github.com/swoole/ide-helper.git",
                "reference": "aefd9d15e00cf14b89a5ed87cfa3bd79c9889028"
            },
            "dist": {
                "type": "zip",
                "url": "https://api.github.com/repos/swoole/ide-helper/zipball/aefd9d15e00cf14b89a5ed87cfa3bd79c9889028",
                "reference": "aefd9d15e00cf14b89a5ed87cfa3bd79c9889028",
                "shasum": ""
            },
            "require-dev": {
                "guzzlehttp/guzzle": "~6.5.0",
                "laminas/laminas-code": "~3.4.0",
                "squizlabs/php_codesniffer": "~3.5.0",
                "symfony/filesystem": "~4.0"
            },
            "type": "library",
            "notification-url": "https://packagist.org/downloads/",
            "license": [
                "Apache-2.0"
            ],
            "authors": [
                {
                    "name": "Team Swoole",
                    "email": "team@swoole.com"
                }
            ],
            "description": "IDE help files for Swoole.",
            "time": "2020-10-14T18:05:12+00:00"
        }
    ],
    "aliases": [],
    "minimum-stability": "stable",
    "stability-flags": [],
    "prefer-stable": false,
    "prefer-lowest": false,
    "platform": [],
    "platform-dev": [],
    "plugin-api-version": "1.1.0"
}
